
Microsoft Visual Studio Solution File, Format Version 12.00
# Visual Studio Version 17
VisualStudioVersion = 17.14.37628.2 d17.14
MinimumVisualStudioVersion = 10.0.40219.1
Project("{8BC9CEB8-8B4A-11D0-8D11-00A0C91BC942}") = "20262450", "20262450.vcxproj", "{FCB468AF-F746-43D0-B995-2AE138A04CC8}"
EndProject
Global
	GlobalSection(SolutionConfigurationPlatforms) = preSolution
		Debug|x64 = Debug|x64
		Debug|x86 = Debug|x86
		Release|x64 = Release|x64
		Release|x86 = Release|x86
	EndGlobalSection
	GlobalSection(ProjectConfigurationPlatforms) = postSolution
		{FCB468AF-F746-43D0-B995-2AE138A04CC8}.Debug|x64.ActiveCfg = Debug|x64
		{FCB468AF-F746-43D0-B995-2AE138A04CC8}.Debug|x64.Build.0 = Debug|x64
		{FCB468AF-F746-43D0-B995-2AE138A04CC8}.Debug|x86.ActiveCfg = Debug|Win32
		{FCB468AF-F746-43D0-B995-2AE138A04CC8}.Debug|x86.Build.0 = Debug|Win32
		{FCB468AF-F746-43D0-B995-2AE138A04CC8}.Release|x64.ActiveCfg = Release|x64
		{FCB468AF-F746-43D0-B995-2AE138A04CC8}.Release|x64.Build.0 = Release|x64
		{FCB468AF-F746-43D0-B995-2AE138A04CC8}.Release|x86.ActiveCfg = Release|Win32
		{FCB468AF-F746-43D0-B995-2AE138A04CC8}.Release|x86.Build.0 = Release|Win32
	EndGlobalSection
	GlobalSection(SolutionProperties) = preSolution
		HideSolutionNode = FALSE
	EndGlobalSection
	GlobalSection(ExtensibilityGlobals) = postSolution
		SolutionGuid = {35A32917-85E0-4894-A99B-17C2AB2D9ECE}
	EndGlobalSection
EndGlobal
